
Microsoft Visual Studio Solution File, Format Version 12.00
# Visual Studio 2012
Project("{FAE04EC0-301F-11D3-BF4B-00C04F79EFBC}") = "SimpleCalculator", "SimpleCalculator\SimpleCalculator.csproj", "{C428ED77-BE92-49E9-AB76-CBC55DEF1ED2}"
EndProject
Global
	GlobalSection(SolutionConfigurationPlatforms) = preSolution
		Debug|Any CPU = Debug|Any CPU
		Release|Any CPU = Release|Any CPU
	EndGlobalSection
	GlobalSection(ProjectConfigurationPlatforms) = postSolution
		{C428ED77-BE92-49E9-AB76-CBC55DEF1ED2}.Debug|Any CPU.ActiveCfg = Debug|Any CPU
		{C428ED77-BE92-49E9-AB76-CBC55DEF1ED2}.Debug|Any CPU.Build.0 = Debug|Any CPU
		{C428ED77-BE92-49E9-AB76-CBC55DEF1ED2}.Release|Any CPU.ActiveCfg = Release|Any CPU
		{C428ED77-BE92-49E9-AB76-CBC55DEF1ED2}.Release|Any CPU.Build.0 = Release|Any CPU
	EndGlobalSection
	GlobalSection(SolutionProperties) = preSolution
		HideSolutionNode = FALSE
	EndGlobalSection
EndGlobal
