
Microsoft Visual Studio Solution File, Format Version 11.00
# Visual Studio 2010
Project("{FAE04EC0-301F-11D3-BF4B-00C04F79EFBC}") = "WebApplication_616_javaweb", "WebApplication_616_javaweb\WebApplication_616_javaweb.csproj", "{9741B11D-5641-4FE4-A82D-704EF047E3A2}"
EndProject
Global
	GlobalSection(SolutionConfigurationPlatforms) = preSolution
		Debug|Any CPU = Debug|Any CPU
		Release|Any CPU = Release|Any CPU
	EndGlobalSection
	GlobalSection(ProjectConfigurationPlatforms) = postSolution
		{9741B11D-5641-4FE4-A82D-704EF047E3A2}.Debug|Any CPU.ActiveCfg = Debug|Any CPU
		{9741B11D-5641-4FE4-A82D-704EF047E3A2}.Debug|Any CPU.Build.0 = Debug|Any CPU
		{9741B11D-5641-4FE4-A82D-704EF047E3A2}.Release|Any CPU.ActiveCfg = Release|Any CPU
		{9741B11D-5641-4FE4-A82D-704EF047E3A2}.Release|Any CPU.Build.0 = Release|Any CPU
	EndGlobalSection
	GlobalSection(SolutionProperties) = preSolution
		HideSolutionNode = FALSE
	EndGlobalSection
EndGlobal
